// !$*UTF8*$!
{
	archiveVersion = 1;
	classes = {
	};
	objectVersion = 46;
	objects = {

/* Begin PBXBuildFile section */
		197438B719AFC48C00E58DB4 /* Foundation.framework in Frameworks */ = {isa = PBXBuildFile; fileRef = 197438B619AFC48C00E58DB4 /* Foundation.framework */; };
		197438B919AFC48C00E58DB4 /* CoreGraphics.framework in Frameworks */ = {isa = PBXBuildFile; fileRef = 197438B819AFC48C00E58DB4 /* CoreGraphics.framework */; };
		197438BB19AFC48C00E58DB4 /* UIKit.framework in Frameworks */ = {isa = PBXBuildFile; fileRef = 197438BA19AFC48C00E58DB4 /* UIKit.framework */; };
		197438C119AFC48C00E58DB4 /* InfoPlist.strings in Resources */ = {isa = PBXBuildFile; fileRef = 197438BF19AFC48C00E58DB4 /* InfoPlist.strings */; };
		197438C319AFC48C00E58DB4 /* main.m in Sources */ = {isa = PBXBuildFile; fileRef = 197438C219AFC48C00E58DB4 /* main.m */; };
		197438C719AFC48C00E58DB4 /* BBAppDelegate.m in Sources */ = {isa = PBXBuildFile; fileRef = 197438C619AFC48C00E58DB4 /* BBAppDelegate.m */; };
		197438C919AFC48D00E58DB4 /* Images.xcassets in Resources */ = {isa = PBXBuildFile; fileRef = 197438C819AFC48D00E58DB4 /* Images.xcassets */; };
		197438D019AFC48E00E58DB4 /* XCTest.framework in Frameworks */ = {isa = PBXBuildFile; fileRef = 197438CF19AFC48E00E58DB4 /* XCTest.framework */; };
		197438D119AFC48E00E58DB4 /* Foundation.framework in Frameworks */ = {isa = PBXBuildFile; fileRef = 197438B619AFC48C00E58DB4 /* Foundation.framework */; };
		197438D219AFC48E00E58DB4 /* UIKit.framework in Frameworks */ = {isa = PBXBuildFile; fileRef = 197438BA19AFC48C00E58DB4 /* UIKit.framework */; };
		197438DA19AFC48E00E58DB4 /* InfoPlist.strings in Resources */ = {isa = PBXBuildFile; fileRef = 197438D819AFC48E00E58DB4 /* InfoPlist.strings */; };
		197438DC19AFC48E00E58DB4 /* ParallaxEffectTests.m in Sources */ = {isa = PBXBuildFile; fileRef = 197438DB19AFC48E00E58DB4 /* ParallaxEffectTests.m */; };
		197438E819AFDB3700E58DB4 /* BBParallaxViewViewController.m in Sources */ = {isa = PBXBuildFile; fileRef = 197438E619AFDB3700E58DB4 /* BBParallaxViewViewController.m */; };
		197438E919AFDB3700E58DB4 /* BBParallaxViewViewController.xib in Resources */ = {isa = PBXBuildFile; fileRef = 197438E719AFDB3700E58DB4 /* BBParallaxViewViewController.xib */; };
		197438EC19AFFA4C00E58DB4 /* OrangeArt.png in Resources */ = {isa = PBXBuildFile; fileRef = 197438EA19AFFA4C00E58DB4 /* OrangeArt.png */; };
		197438ED19AFFA4C00E58DB4 /* OrangeArt@2x.png in Resources */ = {isa = PBXBuildFile; fileRef = 197438EB19AFFA4C00E58DB4 /* OrangeArt@2x.png */; };
		197438F019AFFA5600E58DB4 /* Sweeney.png in Resources */ = {isa = PBXBuildFile; fileRef = 197438EE19AFFA5600E58DB4 /* Sweeney.png */; };
		197438F119AFFA5600E58DB4 /* Sweeney@2x.png in Resources */ = {isa = PBXBuildFile; fileRef = 197438EF19AFFA5600E58DB4 /* Sweeney@2x.png */; };
		197438F419AFFA5E00E58DB4 /* PalmTree.png in Resources */ = {isa = PBXBuildFile; fileRef = 197438F219AFFA5E00E58DB4 /* PalmTree.png */; };
		197438F519AFFA5E00E58DB4 /* PalmTree@2x.png in Resources */ = {isa = PBXBuildFile; fileRef = 197438F319AFFA5E00E58DB4 /* PalmTree@2x.png */; };
		197438FA19B008E200E58DB4 /* Flower.png in Resources */ = {isa = PBXBuildFile; fileRef = 197438F619B008E200E58DB4 /* Flower.png */; };
		197438FB19B008E200E58DB4 /* Building.png in Resources */ = {isa = PBXBuildFile; fileRef = 197438F719B008E200E58DB4 /* Building.png */; };
		197438FC19B008E200E58DB4 /* Flower@2x.png in Resources */ = {isa = PBXBuildFile; fileRef = 197438F819B008E200E58DB4 /* Flower@2x.png */; };
		197438FD19B008E200E58DB4 /* Building@2x.png in Resources */ = {isa = PBXBuildFile; fileRef = 197438F919B008E200E58DB4 /* Building@2x.png */; };
/* End PBXBuildFile section */

/* Begin PBXContainerItemProxy section */
		197438D319AFC48E00E58DB4 /* PBXContainerItemProxy */ = {
			isa = PBXContainerItemProxy;
			containerPortal = 197438AB19AFC48C00E58DB4 /* Project object */;
			proxyType = 1;
			remoteGlobalIDString = 197438B219AFC48C00E58DB4;
			remoteInfo = ParallaxEffect;
		};
/* End PBXContainerItemProxy section */

/* Begin PBXFileReference section */
		197438B319AFC48C00E58DB4 /* ParallaxEffect.app */ = {isa = PBXFileReference; explicitFileType = wrapper.application; includeInIndex = 0; path = ParallaxEffect.app; sourceTree = BUILT_PRODUCTS_DIR; };
		197438B619AFC48C00E58DB4 /* Foundation.framework */ = {isa = PBXFileReference; lastKnownFileType = wrapper.framework; name = Foundation.framework; path = System/Library/Frameworks/Foundation.framework; sourceTree = SDKROOT; };
		197438B819AFC48C00E58DB4 /* CoreGraphics.framework */ = {isa = PBXFileReference; lastKnownFileType = wrapper.framework; name = CoreGraphics.framework; path = System/Library/Frameworks/CoreGraphics.framework; sourceTree = SDKROOT; };
		197438BA19AFC48C00E58DB4 /* UIKit.framework */ = {isa = PBXFileReference; lastKnownFileType = wrapper.framework; name = UIKit.framework; path = System/Library/Frameworks/UIKit.framework; sourceTree = SDKROOT; };
		197438BE19AFC48C00E58DB4 /* ParallaxEffect-Info.plist */ = {isa = PBXFileReference; lastKnownFileType = text.plist.xml; path = "ParallaxEffect-Info.plist"; sourceTree = "<group>"; };
		197438C019AFC48C00E58DB4 /* en */ = {isa = PBXFileReference; lastKnownFileType = text.plist.strings; name = en; path = en.lproj/InfoPlist.strings; sourceTree = "<group>"; };
		197438C219AFC48C00E58DB4 /* main.m */ = {isa = PBXFileReference; lastKnownFileType = sourcecode.c.objc; path = main.m; sourceTree = "<group>"; };
		197438C419AFC48C00E58DB4 /* ParallaxEffect-Prefix.pch */ = {isa = PBXFileReference; lastKnownFileType = sourcecode.c.h; path = "ParallaxEffect-Prefix.pch"; sourceTree = "<group>"; };
		197438C519AFC48C00E58DB4 /* BBAppDelegate.h */ = {isa = PBXFileReference; lastKnownFileType = sourcecode.c.h; path = BBAppDelegate.h; sourceTree = "<group>"; };
		197438C619AFC48C00E58DB4 /* BBAppDelegate.m */ = {isa = PBXFileReference; lastKnownFileType = sourcecode.c.objc; path = BBAppDelegate.m; sourceTree = "<group>"; };
		197438C819AFC48D00E58DB4 /* Images.xcassets */ = {isa = PBXFileReference; lastKnownFileType = folder.assetcatalog; path = Images.xcassets; sourceTree = "<group>"; };
		197438CE19AFC48E00E58DB4 /* ParallaxEffectTests.xctest */ = {isa = PBXFileReference; explicitFileType = wrapper.cfbundle; includeInIndex = 0; path = ParallaxEffectTests.xctest; sourceTree = BUILT_PRODUCTS_DIR; };
		197438CF19AFC48E00E58DB4 /* XCTest.framework */ = {isa = PBXFileReference; lastKnownFileType = wrapper.framework; name = XCTest.framework; path = Library/Frameworks/XCTest.framework; sourceTree = DEVELOPER_DIR; };
		197438D719AFC48E00E58DB4 /* ParallaxEffectTests-Info.plist */ = {isa = PBXFileReference; lastKnownFileType = text.plist.xml; path = "ParallaxEffectTests-Info.plist"; sourceTree = "<group>"; };
		197438D919AFC48E00E58DB4 /* en */ = {isa = PBXFileReference; lastKnownFileType = text.plist.strings; name = en; path = en.lproj/InfoPlist.strings; sourceTree = "<group>"; };
		197438DB19AFC48E00E58DB4 /* ParallaxEffectTests.m */ = {isa = PBXFileReference; lastKnownFileType = sourcecode.c.objc; path = ParallaxEffectTests.m; sourceTree = "<group>"; };
		197438E519AFDB3700E58DB4 /* BBParallaxViewViewController.h */ = {isa = PBXFileReference; fileEncoding = 4; lastKnownFileType = sourcecode.c.h; path = BBParallaxViewViewController.h; sourceTree = "<group>"; };
		197438E619AFDB3700E58DB4 /* BBParallaxViewViewController.m */ = {isa = PBXFileReference; fileEncoding = 4; lastKnownFileType = sourcecode.c.objc; path = BBParallaxViewViewController.m; sourceTree = "<group>"; };
		197438E719AFDB3700E58DB4 /* BBParallaxViewViewController.xib */ = {isa = PBXFileReference; fileEncoding = 4; lastKnownFileType = file.xib; path = BBParallaxViewViewController.xib; sourceTree = "<group>"; };
		197438EA19AFFA4C00E58DB4 /* OrangeArt.png */ = {isa = PBXFileReference; lastKnownFileType = image.png; path = OrangeArt.png; sourceTree = "<group>"; };
		197438EB19AFFA4C00E58DB4 /* OrangeArt@2x.png */ = {isa = PBXFileReference; lastKnownFileType = image.png; path = "OrangeArt@2x.png"; sourceTree = "<group>"; };
		197438EE19AFFA5600E58DB4 /* Sweeney.png */ = {isa = PBXFileReference; lastKnownFileType = image.png; path = Sweeney.png; sourceTree = "<group>"; };
		197438EF19AFFA5600E58DB4 /* Sweeney@2x.png */ = {isa = PBXFileReference; lastKnownFileType = image.png; path = "Sweeney@2x.png"; sourceTree = "<group>"; };
		197438F219AFFA5E00E58DB4 /* PalmTree.png */ = {isa = PBXFileReference; lastKnownFileType = image.png; path = PalmTree.png; sourceTree = "<group>"; };
		197438F319AFFA5E00E58DB4 /* PalmTree@2x.png */ = {isa = PBXFileReference; lastKnownFileType = image.png; path = "PalmTree@2x.png"; sourceTree = "<group>"; };
		197438F619B008E200E58DB4 /* Flower.png */ = {isa = PBXFileReference; lastKnownFileType = image.png; path = Flower.png; sourceTree = "<group>"; };
		197438F719B008E200E58DB4 /* Building.png */ = {isa = PBXFileReference; lastKnownFileType = image.png; path = Building.png; sourceTree = "<group>"; };
		197438F819B008E200E58DB4 /* Flower@2x.png */ = {isa = PBXFileReference; lastKnownFileType = image.png; path = "Flower@2x.png"; sourceTree = "<group>"; };
		197438F919B008E200E58DB4 /* Building@2x.png */ = {isa = PBXFileReference; lastKnownFileType = image.png; path = "Building@2x.png"; sourceTree = "<group>"; };
/* End PBXFileReference section */

/* Begin PBXFrameworksBuildPhase section */
		197438B019AFC48C00E58DB4 /* Frameworks */ = {
			isa = PBXFrameworksBuildPhase;
			buildActionMask = 2147483647;
			files = (
				197438B919AFC48C00E58DB4 /* CoreGraphics.framework in Frameworks */,
				197438BB19AFC48C00E58DB4 /* UIKit.framework in Frameworks */,
				197438B719AFC48C00E58DB4 /* Foundation.framework in Frameworks */,
			);
			runOnlyForDeploymentPostprocessing = 0;
		};
		197438CB19AFC48E00E58DB4 /* Frameworks */ = {
			isa = PBXFrameworksBuildPhase;
			buildActionMask = 2147483647;
			files = (
				197438D019AFC48E00E58DB4 /* XCTest.framework in Frameworks */,
				197438D219AFC48E00E58DB4 /* UIKit.framework in Frameworks */,
				197438D119AFC48E00E58DB4 /* Foundation.framework in Frameworks */,
			);
			runOnlyForDeploymentPostprocessing = 0;
		};
/* End PBXFrameworksBuildPhase section */

/* Begin PBXGroup section */
		197438AA19AFC48C00E58DB4 = {
			isa = PBXGroup;
			children = (
				197438BC19AFC48C00E58DB4 /* ParallaxEffect */,
				197438D519AFC48E00E58DB4 /* ParallaxEffectTests */,
				197438B519AFC48C00E58DB4 /* Frameworks */,
				197438B419AFC48C00E58DB4 /* Products */,
			);
			sourceTree = "<group>";
		};
		197438B419AFC48C00E58DB4 /* Products */ = {
			isa = PBXGroup;
			children = (
				197438B319AFC48C00E58DB4 /* ParallaxEffect.app */,
				197438CE19AFC48E00E58DB4 /* ParallaxEffectTests.xctest */,
			);
			name = Products;
			sourceTree = "<group>";
		};
		197438B519AFC48C00E58DB4 /* Frameworks */ = {
			isa = PBXGroup;
			children = (
				197438B619AFC48C00E58DB4 /* Foundation.framework */,
				197438B819AFC48C00E58DB4 /* CoreGraphics.framework */,
				197438BA19AFC48C00E58DB4 /* UIKit.framework */,
				197438CF19AFC48E00E58DB4 /* XCTest.framework */,
			);
			name = Frameworks;
			sourceTree = "<group>";
		};
		197438BC19AFC48C00E58DB4 /* ParallaxEffect */ = {
			isa = PBXGroup;
			children = (
				197438F619B008E200E58DB4 /* Flower.png */,
				197438F719B008E200E58DB4 /* Building.png */,
				197438F819B008E200E58DB4 /* Flower@2x.png */,
				197438F919B008E200E58DB4 /* Building@2x.png */,
				197438F219AFFA5E00E58DB4 /* PalmTree.png */,
				197438F319AFFA5E00E58DB4 /* PalmTree@2x.png */,
				197438EE19AFFA5600E58DB4 /* Sweeney.png */,
				197438EF19AFFA5600E58DB4 /* Sweeney@2x.png */,
				197438EA19AFFA4C00E58DB4 /* OrangeArt.png */,
				197438EB19AFFA4C00E58DB4 /* OrangeArt@2x.png */,
				197438C519AFC48C00E58DB4 /* BBAppDelegate.h */,
				197438C619AFC48C00E58DB4 /* BBAppDelegate.m */,
				197438E519AFDB3700E58DB4 /* BBParallaxViewViewController.h */,
				197438E619AFDB3700E58DB4 /* BBParallaxViewViewController.m */,
				197438E719AFDB3700E58DB4 /* BBParallaxViewViewController.xib */,
				197438C819AFC48D00E58DB4 /* Images.xcassets */,
				197438BD19AFC48C00E58DB4 /* Supporting Files */,
			);
			path = ParallaxEffect;
			sourceTree = "<group>";
		};
		197438BD19AFC48C00E58DB4 /* Supporting Files */ = {
			isa = PBXGroup;
			children = (
				197438BE19AFC48C00E58DB4 /* ParallaxEffect-Info.plist */,
				197438BF19AFC48C00E58DB4 /* InfoPlist.strings */,
				197438C219AFC48C00E58DB4 /* main.m */,
				197438C419AFC48C00E58DB4 /* ParallaxEffect-Prefix.pch */,
			);
			name = "Supporting Files";
			sourceTree = "<group>";
		};
		197438D519AFC48E00E58DB4 /* ParallaxEffectTests */ = {
			isa = PBXGroup;
			children = (
				197438DB19AFC48E00E58DB4 /* ParallaxEffectTests.m */,
				197438D619AFC48E00E58DB4 /* Supporting Files */,
			);
			path = ParallaxEffectTests;
			sourceTree = "<group>";
		};
		197438D619AFC48E00E58DB4 /* Supporting Files */ = {
			isa = PBXGroup;
			children = (
				197438D719AFC48E00E58DB4 /* ParallaxEffectTests-Info.plist */,
				197438D819AFC48E00E58DB4 /* InfoPlist.strings */,
			);
			name = "Supporting Files";
			sourceTree = "<group>";
		};
/* End PBXGroup section */

/* Begin PBXNativeTarget section */
		197438B219AFC48C00E58DB4 /* ParallaxEffect */ = {
			isa = PBXNativeTarget;
			buildConfigurationList = 197438DF19AFC48E00E58DB4 /* Build configuration list for PBXNativeTarget "ParallaxEffect" */;
			buildPhases = (
				197438AF19AFC48C00E58DB4 /* Sources */,
				197438B019AFC48C00E58DB4 /* Frameworks */,
				197438B119AFC48C00E58DB4 /* Resources */,
			);
			buildRules = (
			);
			dependencies = (
			);
			name = ParallaxEffect;
			productName = ParallaxEffect;
			productReference = 197438B319AFC48C00E58DB4 /* ParallaxEffect.app */;
			productType = "com.apple.product-type.application";
		};
		197438CD19AFC48E00E58DB4 /* ParallaxEffectTests */ = {
			isa = PBXNativeTarget;
			buildConfigurationList = 197438E219AFC48E00E58DB4 /* Build configuration list for PBXNativeTarget "ParallaxEffectTests" */;
			buildPhases = (
				197438CA19AFC48E00E58DB4 /* Sources */,
				197438CB19AFC48E00E58DB4 /* Frameworks */,
				197438CC19AFC48E00E58DB4 /* Resources */,
			);
			buildRules = (
			);
			dependencies = (
				197438D419AFC48E00E58DB4 /* PBXTargetDependency */,
			);
			name = ParallaxEffectTests;
			productName = ParallaxEffectTests;
			productReference = 197438CE19AFC48E00E58DB4 /* ParallaxEffectTests.xctest */;
			productType = "com.apple.product-type.bundle.unit-test";
		};
/* End PBXNativeTarget section */

/* Begin PBXProject section */
		197438AB19AFC48C00E58DB4 /* Project object */ = {
			isa = PBXProject;
			attributes = {
				CLASSPREFIX = BB;
				LastUpgradeCheck = 0510;
				ORGANIZATIONNAME = none;
				TargetAttributes = {
					197438CD19AFC48E00E58DB4 = {
						TestTargetID = 197438B219AFC48C00E58DB4;
					};
				};
			};
			buildConfigurationList = 197438AE19AFC48C00E58DB4 /* Build configuration list for PBXProject "ParallaxEffect" */;
			compatibilityVersion = "Xcode 3.2";
			developmentRegion = English;
			hasScannedForEncodings = 0;
			knownRegions = (
				en,
			);
			mainGroup = 197438AA19AFC48C00E58DB4;
			productRefGroup = 197438B419AFC48C00E58DB4 /* Products */;
			projectDirPath = "";
			projectRoot = "";
			targets = (
				197438B219AFC48C00E58DB4 /* ParallaxEffect */,
				197438CD19AFC48E00E58DB4 /* ParallaxEffectTests */,
			);
		};
/* End PBXProject section */

/* Begin PBXResourcesBuildPhase section */
		197438B119AFC48C00E58DB4 /* Resources */ = {
			isa = PBXResourcesBuildPhase;
			buildActionMask = 2147483647;
			files = (
				197438F019AFFA5600E58DB4 /* Sweeney.png in Resources */,
				197438FB19B008E200E58DB4 /* Building.png in Resources */,
				197438F419AFFA5E00E58DB4 /* PalmTree.png in Resources */,
				197438E919AFDB3700E58DB4 /* BBParallaxViewViewController.xib in Resources */,
				197438C119AFC48C00E58DB4 /* InfoPlist.strings in Resources */,
				197438F519AFFA5E00E58DB4 /* PalmTree@2x.png in Resources */,
				197438C919AFC48D00E58DB4 /* Images.xcassets in Resources */,
				197438FD19B008E200E58DB4 /* Building@2x.png in Resources */,
				197438FA19B008E200E58DB4 /* Flower.png in Resources */,
				197438F119AFFA5600E58DB4 /* Sweeney@2x.png in Resources */,
				197438FC19B008E200E58DB4 /* Flower@2x.png in Resources */,
				197438EC19AFFA4C00E58DB4 /* OrangeArt.png in Resources */,
				197438ED19AFFA4C00E58DB4 /* OrangeArt@2x.png in Resources */,
			);
			runOnlyForDeploymentPostprocessing = 0;
		};
		197438CC19AFC48E00E58DB4 /* Resources */ = {
			isa = PBXResourcesBuildPhase;
			buildActionMask = 2147483647;
			files = (
				197438DA19AFC48E00E58DB4 /* InfoPlist.strings in Resources */,
			);
			runOnlyForDeploymentPostprocessing = 0;
		};
/* End PBXResourcesBuildPhase section */

/* Begin PBXSourcesBuildPhase section */
		197438AF19AFC48C00E58DB4 /* Sources */ = {
			isa = PBXSourcesBuildPhase;
			buildActionMask = 2147483647;
			files = (
				197438E819AFDB3700E58DB4 /* BBParallaxViewViewController.m in Sources */,
				197438C719AFC48C00E58DB4 /* BBAppDelegate.m in Sources */,
				197438C319AFC48C00E58DB4 /* main.m in Sources */,
			);
			runOnlyForDeploymentPostprocessing = 0;
		};
		197438CA19AFC48E00E58DB4 /* Sources */ = {
			isa = PBXSourcesBuildPhase;
			buildActionMask = 2147483647;
			files = (
				197438DC19AFC48E00E58DB4 /* ParallaxEffectTests.m in Sources */,
			);
			runOnlyForDeploymentPostprocessing = 0;
		};
/* End PBXSourcesBuildPhase section */

/* Begin PBXTargetDependency section */
		197438D419AFC48E00E58DB4 /* PBXTargetDependency */ = {
			isa = PBXTargetDependency;
			target = 197438B219AFC48C00E58DB4 /* ParallaxEffect */;
			targetProxy = 197438D319AFC48E00E58DB4 /* PBXContainerItemProxy */;
		};
/* End PBXTargetDependency section */

/* Begin PBXVariantGroup section */
		197438BF19AFC48C00E58DB4 /* InfoPlist.strings */ = {
			isa = PBXVariantGroup;
			children = (
				197438C019AFC48C00E58DB4 /* en */,
			);
			name = InfoPlist.strings;
			sourceTree = "<group>";
		};
		197438D819AFC48E00E58DB4 /* InfoPlist.strings */ = {
			isa = PBXVariantGroup;
			children = (
				197438D919AFC48E00E58DB4 /* en */,
			);
			name = InfoPlist.strings;
			sourceTree = "<group>";
		};
/* End PBXVariantGroup section */

/* Begin XCBuildConfiguration section */
		197438DD19AFC48E00E58DB4 /* Debug */ = {
			isa = XCBuildConfiguration;
			buildSettings = {
				ALWAYS_SEARCH_USER_PATHS = NO;
				CLANG_CXX_LANGUAGE_STANDARD = "gnu++0x";
				CLANG_CXX_LIBRARY = "libc++";
				CLANG_ENABLE_MODULES = YES;
				CLANG_ENABLE_OBJC_ARC = YES;
				CLANG_WARN_BOOL_CONVERSION = YES;
				CLANG_WARN_CONSTANT_CONVERSION = YES;
				CLANG_WARN_DIRECT_OBJC_ISA_USAGE = YES_ERROR;
				CLANG_WARN_EMPTY_BODY = YES;
				CLANG_WARN_ENUM_CONVERSION = YES;
				CLANG_WARN_INT_CONVERSION = YES;
				CLANG_WARN_OBJC_ROOT_CLASS = YES_ERROR;
				CLANG_WARN__DUPLICATE_METHOD_MATCH = YES;
				"CODE_SIGN_IDENTITY[sdk=iphoneos*]" = "iPhone Developer";
				COPY_PHASE_STRIP = NO;
				GCC_C_LANGUAGE_STANDARD = gnu99;
				GCC_DYNAMIC_NO_PIC = NO;
				GCC_OPTIMIZATION_LEVEL = 0;
				GCC_PREPROCESSOR_DEFINITIONS = (
					"DEBUG=1",
					"$(inherited)",
				);
				GCC_SYMBOLS_PRIVATE_EXTERN = NO;
				GCC_WARN_64_TO_32_BIT_CONVERSION = YES;
				GCC_WARN_ABOUT_RETURN_TYPE = YES_ERROR;
				GCC_WARN_UNDECLARED_SELECTOR = YES;
				GCC_WARN_UNINITIALIZED_AUTOS = YES_AGGRESSIVE;
				GCC_WARN_UNUSED_FUNCTION = YES;
				GCC_WARN_UNUSED_VARIABLE = YES;
				IPHONEOS_DEPLOYMENT_TARGET = 7.1;
				ONLY_ACTIVE_ARCH = YES;
				SDKROOT = iphoneos;
			};
			name = Debug;
		};
		197438DE19AFC48E00E58DB4 /* Release */ = {
			isa = XCBuildConfiguration;
			buildSettings = {
				ALWAYS_SEARCH_USER_PATHS = NO;
				CLANG_CXX_LANGUAGE_STANDARD = "gnu++0x";
				CLANG_CXX_LIBRARY = "libc++";
				CLANG_ENABLE_MODULES = YES;
				CLANG_ENABLE_OBJC_ARC = YES;
				CLANG_WARN_BOOL_CONVERSION = YES;
				CLANG_WARN_CONSTANT_CONVERSION = YES;
				CLANG_WARN_DIRECT_OBJC_ISA_USAGE = YES_ERROR;
				CLANG_WARN_EMPTY_BODY = YES;
				CLANG_WARN_ENUM_CONVERSION = YES;
				CLANG_WARN_INT_CONVERSION = YES;
				CLANG_WARN_OBJC_ROOT_CLASS = YES_ERROR;
				CLANG_WARN__DUPLICATE_METHOD_MATCH = YES;
				"CODE_SIGN_IDENTITY[sdk=iphoneos*]" = "iPhone Developer";
				COPY_PHASE_STRIP = YES;
				ENABLE_NS_ASSERTIONS = NO;
				GCC_C_LANGUAGE_STANDARD = gnu99;
				GCC_WARN_64_TO_32_BIT_CONVERSION = YES;
				GCC_WARN_ABOUT_RETURN_TYPE = YES_ERROR;
				GCC_WARN_UNDECLARED_SELECTOR = YES;
				GCC_WARN_UNINITIALIZED_AUTOS = YES_AGGRESSIVE;
				GCC_WARN_UNUSED_FUNCTION = YES;
				GCC_WARN_UNUSED_VARIABLE = YES;
				IPHONEOS_DEPLOYMENT_TARGET = 7.1;
				SDKROOT = iphoneos;
				VALIDATE_PRODUCT = YES;
			};
			name = Release;
		};
		197438E019AFC48E00E58DB4 /* Debug */ = {
			isa = XCBuildConfiguration;
			buildSettings = {
				ASSETCATALOG_COMPILER_APPICON_NAME = AppIcon;
				ASSETCATALOG_COMPILER_LAUNCHIMAGE_NAME = LaunchImage;
				GCC_PRECOMPILE_PREFIX_HEADER = YES;
				GCC_PREFIX_HEADER = "ParallaxEffect/ParallaxEffect-Prefix.pch";
				INFOPLIST_FILE = "ParallaxEffect/ParallaxEffect-Info.plist";
				PRODUCT_NAME = "$(TARGET_NAME)";
				WRAPPER_EXTENSION = app;
			};
			name = Debug;
		};
		197438E119AFC48E00E58DB4 /* Release */ = {
			isa = XCBuildConfiguration;
			buildSettings = {
				ASSETCATALOG_COMPILER_APPICON_NAME = AppIcon;
				ASSETCATALOG_COMPILER_LAUNCHIMAGE_NAME = LaunchImage;
				GCC_PRECOMPILE_PREFIX_HEADER = YES;
				GCC_PREFIX_HEADER = "ParallaxEffect/ParallaxEffect-Prefix.pch";
				INFOPLIST_FILE = "ParallaxEffect/ParallaxEffect-Info.plist";
				PRODUCT_NAME = "$(TARGET_NAME)";
				WRAPPER_EXTENSION = app;
			};
			name = Release;
		};
		197438E319AFC48E00E58DB4 /* Debug */ = {
			isa = XCBuildConfiguration;
			buildSettings = {
				BUNDLE_LOADER = "$(BUILT_PRODUCTS_DIR)/ParallaxEffect.app/ParallaxEffect";
				FRAMEWORK_SEARCH_PATHS = (
					"$(SDKROOT)/Developer/Library/Frameworks",
					"$(inherited)",
					"$(DEVELOPER_FRAMEWORKS_DIR)",
				);
				GCC_PRECOMPILE_PREFIX_HEADER = YES;
				GCC_PREFIX_HEADER = "ParallaxEffect/ParallaxEffect-Prefix.pch";
				GCC_PREPROCESSOR_DEFINITIONS = (
					"DEBUG=1",
					"$(inherited)",
				);
				INFOPLIST_FILE = "ParallaxEffectTests/ParallaxEffectTests-Info.plist";
				PRODUCT_NAME = "$(TARGET_NAME)";
				TEST_HOST = "$(BUNDLE_LOADER)";
				WRAPPER_EXTENSION = xctest;
			};
			name = Debug;
		};
		197438E419AFC48E00E58DB4 /* Release */ = {
			isa = XCBuildConfiguration;
			buildSettings = {
				BUNDLE_LOADER = "$(BUILT_PRODUCTS_DIR)/ParallaxEffect.app/ParallaxEffect";
				FRAMEWORK_SEARCH_PATHS = (
					"$(SDKROOT)/Developer/Library/Frameworks",
					"$(inherited)",
					"$(DEVELOPER_FRAMEWORKS_DIR)",
				);
				GCC_PRECOMPILE_PREFIX_HEADER = YES;
				GCC_PREFIX_HEADER = "ParallaxEffect/ParallaxEffect-Prefix.pch";
				INFOPLIST_FILE = "ParallaxEffectTests/ParallaxEffectTests-Info.plist";
				PRODUCT_NAME = "$(TARGET_NAME)";
				TEST_HOST = "$(BUNDLE_LOADER)";
				WRAPPER_EXTENSION = xctest;
			};
			name = Release;
		};
/* End XCBuildConfiguration section */

/* Begin XCConfigurationList section */
		197438AE19AFC48C00E58DB4 /* Build configuration list for PBXProject "ParallaxEffect" */ = {
			isa = XCConfigurationList;
			buildConfigurations = (
				197438DD19AFC48E00E58DB4 /* Debug */,
				197438DE19AFC48E00E58DB4 /* Release */,
			);
			defaultConfigurationIsVisible = 0;
			defaultConfigurationName = Release;
		};
		197438DF19AFC48E00E58DB4 /* Build configuration list for PBXNativeTarget "ParallaxEffect" */ = {
			isa = XCConfigurationList;
			buildConfigurations = (
				197438E019AFC48E00E58DB4 /* Debug */,
				197438E119AFC48E00E58DB4 /* Release */,
			);
			defaultConfigurationIsVisible = 0;
		};
		197438E219AFC48E00E58DB4 /* Build configuration list for PBXNativeTarget "ParallaxEffectTests" */ = {
			isa = XCConfigurationList;
			buildConfigurations = (
				197438E319AFC48E00E58DB4 /* Debug */,
				197438E419AFC48E00E58DB4 /* Release */,
			);
			defaultConfigurationIsVisible = 0;
		};
/* End XCConfigurationList section */
	};
	rootObject = 197438AB19AFC48C00E58DB4 /* Project object */;
}
